
Microsoft Visual Studio Solution File, Format Version 12.00
# Visual Studio 15
VisualStudioVersion = 15.0.27703.2026
MinimumVisualStudioVersion = 10.0.40219.1
Project("{2150E333-8FDC-42A3-9474-1A3956D46DE8}") = "Auths", "Auths", "{519804EE-BC90-4493-A5B0-AD765FFDA25A}"
EndProject
Project("{9A19103F-16F7-4668-BE54-9A1E7A4F7556}") = "Celia.io.Core.Auths.Services", "Celia.io.Core.Auths.Services\Celia.io.Core.Auths.Services.csproj", "{50DB4405-6686-45EE-8EBC-B0B1DA462ACD}"
EndProject
Project("{9A19103F-16F7-4668-BE54-9A1E7A4F7556}") = "Celia.io.Core.Auths.WebAPI", "Celia.io.Core.Auths.WebAPI\Celia.io.Core.Auths.WebAPI.csproj", "{77F1270A-62DC-4CFE-AED5-E1A06A1F257D}"
EndProject
Project("{9A19103F-16F7-4668-BE54-9A1E7A4F7556}") = "Celia.io.Core.Utils", "Celia.io.Core.Utils\Celia.io.Core.Utils.csproj", "{1372A403-90BA-4AAB-8342-4FEF2078F6DE}"
EndProject
Project("{9A19103F-16F7-4668-BE54-9A1E7A4F7556}") = "Celia.io.Core.WeChatUtils", "Celia.io.Core.WeChatUtils\Celia.io.Core.WeChatUtils.csproj", "{0EC0F0E1-3EE2-4E12-B40A-59720DB22CE3}"
EndProject
Project("{9A19103F-16F7-4668-BE54-9A1E7A4F7556}") = "Celia.io.NET.WeChatUtils", "Celia.io.NET.WeChatUtils\Celia.io.NET.WeChatUtils.csproj", "{598871DE-6A14-4F24-A536-5858121526E1}"
EndProject
Project("{9A19103F-16F7-4668-BE54-9A1E7A4F7556}") = "Celia.io.Core.Auths.Abstractions", "Celia.io.Core.Auths.Abstractions\Celia.io.Core.Auths.Abstractions.csproj", "{64748597-1BE3-445E-82C5-4D92C9F46B78}"
EndProject
Project("{9A19103F-16F7-4668-BE54-9A1E7A4F7556}") = "Celia.io.Core.Auths.DataAccess.Dapper", "Celia.io.Core.Auths.DataAccess.Dapper\Celia.io.Core.Auths.DataAccess.Dapper.csproj", "{4C84ED85-F973-4967-B908-FED5845E03F1}"
EndProject
Project("{9A19103F-16F7-4668-BE54-9A1E7A4F7556}") = "Celia.io.Core.Auths.DataAccess.EfCore", "Celia.io.Core.Auths.DataAccess.EfCore\Celia.io.Core.Auths.DataAccess.EfCore.csproj", "{28DA37AE-E0F2-4AD5-A727-F4EDF42C1704}"
EndProject
Project("{9A19103F-16F7-4668-BE54-9A1E7A4F7556}") = "Celia.io.Core.Auths.SDK", "Celia.io.Core.Auths.SDK\Celia.io.Core.Auths.SDK.csproj", "{73725DAF-28CA-40D7-9CEE-4EF938C701CE}"
EndProject
Project("{2150E333-8FDC-42A3-9474-1A3956D46DE8}") = "StaticObjects", "StaticObjects", "{9E011216-82BB-41AD-A292-34A3611BB7BB}"
EndProject
Project("{9A19103F-16F7-4668-BE54-9A1E7A4F7556}") = "Celia.io.Core.StaticObjects.Abstractions", "Celia.io.Core.StaticObjects.Abstractions\Celia.io.Core.StaticObjects.Abstractions.csproj", "{51852092-AABF-4269-93D2-7DA26A1CFF09}"
EndProject
Project("{9A19103F-16F7-4668-BE54-9A1E7A4F7556}") = "Celia.io.Core.StaticObjects.DataAccess", "Celia.io.Core.StaticObjects.DataAccess\Celia.io.Core.StaticObjects.DataAccess.csproj", "{27EC687C-5FD4-4463-B7D4-2E7B1FE6C248}"
EndProject
Project("{9A19103F-16F7-4668-BE54-9A1E7A4F7556}") = "Celia.io.Core.StaticObjects.Services", "Celia.io.Core.StaticObjects.Services\Celia.io.Core.StaticObjects.Services.csproj", "{0061F72C-DB05-4A8C-9B74-0A0D899D0722}"
EndProject
Project("{9A19103F-16F7-4668-BE54-9A1E7A4F7556}") = "Celia.io.Core.StaticObjects.WebAPI_Core", "Celia.io.Core.StaticObjects.WebAPI_Core\Celia.io.Core.StaticObjects.WebAPI_Core.csproj", "{D49D62CC-8FB2-4E3E-BEBA-04C146A80687}"
EndProject
Project("{9A19103F-16F7-4668-BE54-9A1E7A4F7556}") = "Celia.io.Core.StaticObjects.Storages.Default", "Celia.io.Core.StaticObjects.Storages.Default\Celia.io.Core.StaticObjects.Storages.Default.csproj", "{CA7CF8DF-FFE6-44DD-8E65-9FC2797F4C6B}"
EndProject
Global
	GlobalSection(SolutionConfigurationPlatforms) = preSolution
		Debug|Any CPU = Debug|Any CPU
		Release|Any CPU = Release|Any CPU
	EndGlobalSection
	GlobalSection(ProjectConfigurationPlatforms) = postSolution
		{50DB4405-6686-45EE-8EBC-B0B1DA462ACD}.Debug|Any CPU.ActiveCfg = Debug|Any CPU
		{50DB4405-6686-45EE-8EBC-B0B1DA462ACD}.Debug|Any CPU.Build.0 = Debug|Any CPU
		{50DB4405-6686-45EE-8EBC-B0B1DA462ACD}.Release|Any CPU.ActiveCfg = Release|Any CPU
		{50DB4405-6686-45EE-8EBC-B0B1DA462ACD}.Release|Any CPU.Build.0 = Release|Any CPU
		{77F1270A-62DC-4CFE-AED5-E1A06A1F257D}.Debug|Any CPU.ActiveCfg = Debug|Any CPU
		{77F1270A-62DC-4CFE-AED5-E1A06A1F257D}.Debug|Any CPU.Build.0 = Debug|Any CPU
		{77F1270A-62DC-4CFE-AED5-E1A06A1F257D}.Release|Any CPU.ActiveCfg = Release|Any CPU
		{77F1270A-62DC-4CFE-AED5-E1A06A1F257D}.Release|Any CPU.Build.0 = Release|Any CPU
		{1372A403-90BA-4AAB-8342-4FEF2078F6DE}.Debug|Any CPU.ActiveCfg = Debug|Any CPU
		{1372A403-90BA-4AAB-8342-4FEF2078F6DE}.Debug|Any CPU.Build.0 = Debug|Any CPU
		{1372A403-90BA-4AAB-8342-4FEF2078F6DE}.Release|Any CPU.ActiveCfg = Release|Any CPU
		{1372A403-90BA-4AAB-8342-4FEF2078F6DE}.Release|Any CPU.Build.0 = Release|Any CPU
		{0EC0F0E1-3EE2-4E12-B40A-59720DB22CE3}.Debug|Any CPU.ActiveCfg = Debug|Any CPU
		{0EC0F0E1-3EE2-4E12-B40A-59720DB22CE3}.Debug|Any CPU.Build.0 = Debug|Any CPU
		{0EC0F0E1-3EE2-4E12-B40A-59720DB22CE3}.Release|Any CPU.ActiveCfg = Release|Any CPU
		{0EC0F0E1-3EE2-4E12-B40A-59720DB22CE3}.Release|Any CPU.Build.0 = Release|Any CPU
		{598871DE-6A14-4F24-A536-5858121526E1}.Debug|Any CPU.ActiveCfg = Debug|Any CPU
		{598871DE-6A14-4F24-A536-5858121526E1}.Debug|Any CPU.Build.0 = Debug|Any CPU
		{598871DE-6A14-4F24-A536-5858121526E1}.Release|Any CPU.ActiveCfg = Release|Any CPU
		{598871DE-6A14-4F24-A536-5858121526E1}.Release|Any CPU.Build.0 = Release|Any CPU
		{64748597-1BE3-445E-82C5-4D92C9F46B78}.Debug|Any CPU.ActiveCfg = Debug|Any CPU
		{64748597-1BE3-445E-82C5-4D92C9F46B78}.Debug|Any CPU.Build.0 = Debug|Any CPU
		{64748597-1BE3-445E-82C5-4D92C9F46B78}.Release|Any CPU.ActiveCfg = Release|Any CPU
		{64748597-1BE3-445E-82C5-4D92C9F46B78}.Release|Any CPU.Build.0 = Release|Any CPU
		{4C84ED85-F973-4967-B908-FED5845E03F1}.Debug|Any CPU.ActiveCfg = Debug|Any CPU
		{4C84ED85-F973-4967-B908-FED5845E03F1}.Debug|Any CPU.Build.0 = Debug|Any CPU
		{4C84ED85-F973-4967-B908-FED5845E03F1}.Release|Any CPU.ActiveCfg = Release|Any CPU
		{4C84ED85-F973-4967-B908-FED5845E03F1}.Release|Any CPU.Build.0 = Release|Any CPU
		{28DA37AE-E0F2-4AD5-A727-F4EDF42C1704}.Debug|Any CPU.ActiveCfg = Debug|Any CPU
		{28DA37AE-E0F2-4AD5-A727-F4EDF42C1704}.Debug|Any CPU.Build.0 = Debug|Any CPU
		{28DA37AE-E0F2-4AD5-A727-F4EDF42C1704}.Release|Any CPU.ActiveCfg = Release|Any CPU
		{28DA37AE-E0F2-4AD5-A727-F4EDF42C1704}.Release|Any CPU.Build.0 = Release|Any CPU
		{73725DAF-28CA-40D7-9CEE-4EF938C701CE}.Debug|Any CPU.ActiveCfg = Debug|Any CPU
		{73725DAF-28CA-40D7-9CEE-4EF938C701CE}.Debug|Any CPU.Build.0 = Debug|Any CPU
		{73725DAF-28CA-40D7-9CEE-4EF938C701CE}.Release|Any CPU.ActiveCfg = Release|Any CPU
		{73725DAF-28CA-40D7-9CEE-4EF938C701CE}.Release|Any CPU.Build.0 = Release|Any CPU
		{51852092-AABF-4269-93D2-7DA26A1CFF09}.Debug|Any CPU.ActiveCfg = Debug|Any CPU
		{51852092-AABF-4269-93D2-7DA26A1CFF09}.Debug|Any CPU.Build.0 = Debug|Any CPU
		{51852092-AABF-4269-93D2-7DA26A1CFF09}.Release|Any CPU.ActiveCfg = Release|Any CPU
		{51852092-AABF-4269-93D2-7DA26A1CFF09}.Release|Any CPU.Build.0 = Release|Any CPU
		{27EC687C-5FD4-4463-B7D4-2E7B1FE6C248}.Debug|Any CPU.ActiveCfg = Debug|Any CPU
		{27EC687C-5FD4-4463-B7D4-2E7B1FE6C248}.Debug|Any CPU.Build.0 = Debug|Any CPU
		{27EC687C-5FD4-4463-B7D4-2E7B1FE6C248}.Release|Any CPU.ActiveCfg = Release|Any CPU
		{27EC687C-5FD4-4463-B7D4-2E7B1FE6C248}.Release|Any CPU.Build.0 = Release|Any CPU
		{0061F72C-DB05-4A8C-9B74-0A0D899D0722}.Debug|Any CPU.ActiveCfg = Debug|Any CPU
		{0061F72C-DB05-4A8C-9B74-0A0D899D0722}.Debug|Any CPU.Build.0 = Debug|Any CPU
		{0061F72C-DB05-4A8C-9B74-0A0D899D0722}.Release|Any CPU.ActiveCfg = Release|Any CPU
		{0061F72C-DB05-4A8C-9B74-0A0D899D0722}.Release|Any CPU.Build.0 = Release|Any CPU
		{D49D62CC-8FB2-4E3E-BEBA-04C146A80687}.Debug|Any CPU.ActiveCfg = Debug|Any CPU
		{D49D62CC-8FB2-4E3E-BEBA-04C146A80687}.Debug|Any CPU.Build.0 = Debug|Any CPU
		{D49D62CC-8FB2-4E3E-BEBA-04C146A80687}.Release|Any CPU.ActiveCfg = Release|Any CPU
		{D49D62CC-8FB2-4E3E-BEBA-04C146A80687}.Release|Any CPU.Build.0 = Release|Any CPU
		{CA7CF8DF-FFE6-44DD-8E65-9FC2797F4C6B}.Debug|Any CPU.ActiveCfg = Debug|Any CPU
		{CA7CF8DF-FFE6-44DD-8E65-9FC2797F4C6B}.Debug|Any CPU.Build.0 = Debug|Any CPU
		{CA7CF8DF-FFE6-44DD-8E65-9FC2797F4C6B}.Release|Any CPU.ActiveCfg = Release|Any CPU
		{CA7CF8DF-FFE6-44DD-8E65-9FC2797F4C6B}.Release|Any CPU.Build.0 = Release|Any CPU
	EndGlobalSection
	GlobalSection(SolutionProperties) = preSolution
		HideSolutionNode = FALSE
	EndGlobalSection
	GlobalSection(NestedProjects) = preSolution
		{50DB4405-6686-45EE-8EBC-B0B1DA462ACD} = {519804EE-BC90-4493-A5B0-AD765FFDA25A}
		{77F1270A-62DC-4CFE-AED5-E1A06A1F257D} = {519804EE-BC90-4493-A5B0-AD765FFDA25A}
		{64748597-1BE3-445E-82C5-4D92C9F46B78} = {519804EE-BC90-4493-A5B0-AD765FFDA25A}
		{4C84ED85-F973-4967-B908-FED5845E03F1} = {519804EE-BC90-4493-A5B0-AD765FFDA25A}
		{28DA37AE-E0F2-4AD5-A727-F4EDF42C1704} = {519804EE-BC90-4493-A5B0-AD765FFDA25A}
		{73725DAF-28CA-40D7-9CEE-4EF938C701CE} = {519804EE-BC90-4493-A5B0-AD765FFDA25A}
		{51852092-AABF-4269-93D2-7DA26A1CFF09} = {9E011216-82BB-41AD-A292-34A3611BB7BB}
		{27EC687C-5FD4-4463-B7D4-2E7B1FE6C248} = {9E011216-82BB-41AD-A292-34A3611BB7BB}
		{0061F72C-DB05-4A8C-9B74-0A0D899D0722} = {9E011216-82BB-41AD-A292-34A3611BB7BB}
		{D49D62CC-8FB2-4E3E-BEBA-04C146A80687} = {9E011216-82BB-41AD-A292-34A3611BB7BB}
		{CA7CF8DF-FFE6-44DD-8E65-9FC2797F4C6B} = {9E011216-82BB-41AD-A292-34A3611BB7BB}
	EndGlobalSection
	GlobalSection(ExtensibilityGlobals) = postSolution
		SolutionGuid = {C3F10880-5EB2-4457-8B5B-E215ACDF1697}
	EndGlobalSection
EndGlobal
